
Microsoft Visual Studio Solution File, Format Version 12.00
# Visual Studio Version 16
VisualStudioVersion = 16.0.32413.511
MinimumVisualStudioVersion = 10.0.40219.1
Project("{9A19103F-16F7-4668-BE54-9A1E7A4F7556}") = "Chess3Console", "Chess3Console\Chess3Console.csproj", "{CD982AE5-7560-4332-A3A4-4A93CA43287C}"
EndProject
Project("{9A19103F-16F7-4668-BE54-9A1E7A4F7556}") = "Chess4WPF", "Chess4WPF\Chess4WPF.csproj", "{2658148C-2C9D-4A77-8F14-A815ED113E56}"
EndProject
Project("{FAE04EC0-301F-11D3-BF4B-00C04F79EFBC}") = "Core", "Core\Core.csproj", "{29EFEA21-F9D6-4357-918C-5716E12E07E6}"
EndProject
Global
	GlobalSection(SolutionConfigurationPlatforms) = preSolution
		Debug|Any CPU = Debug|Any CPU
		Release|Any CPU = Release|Any CPU
	EndGlobalSection
	GlobalSection(ProjectConfigurationPlatforms) = postSolution
		{CD982AE5-7560-4332-A3A4-4A93CA43287C}.Debug|Any CPU.ActiveCfg = Debug|Any CPU
		{CD982AE5-7560-4332-A3A4-4A93CA43287C}.Debug|Any CPU.Build.0 = Debug|Any CPU
		{CD982AE5-7560-4332-A3A4-4A93CA43287C}.Release|Any CPU.ActiveCfg = Release|Any CPU
		{CD982AE5-7560-4332-A3A4-4A93CA43287C}.Release|Any CPU.Build.0 = Release|Any CPU
		{2658148C-2C9D-4A77-8F14-A815ED113E56}.Debug|Any CPU.ActiveCfg = Debug|Any CPU
		{2658148C-2C9D-4A77-8F14-A815ED113E56}.Debug|Any CPU.Build.0 = Debug|Any CPU
		{2658148C-2C9D-4A77-8F14-A815ED113E56}.Release|Any CPU.ActiveCfg = Release|Any CPU
		{2658148C-2C9D-4A77-8F14-A815ED113E56}.Release|Any CPU.Build.0 = Release|Any CPU
		{29EFEA21-F9D6-4357-918C-5716E12E07E6}.Debug|Any CPU.ActiveCfg = Debug|Any CPU
		{29EFEA21-F9D6-4357-918C-5716E12E07E6}.Debug|Any CPU.Build.0 = Debug|Any CPU
		{29EFEA21-F9D6-4357-918C-5716E12E07E6}.Release|Any CPU.ActiveCfg = Release|Any CPU
		{29EFEA21-F9D6-4357-918C-5716E12E07E6}.Release|Any CPU.Build.0 = Release|Any CPU
	EndGlobalSection
	GlobalSection(SolutionProperties) = preSolution
		HideSolutionNode = FALSE
	EndGlobalSection
	GlobalSection(ExtensibilityGlobals) = postSolution
		SolutionGuid = {7C026DE2-4BE4-4B96-BF4A-1B6F2BE78CED}
	EndGlobalSection
EndGlobal
